<?xml version="1.0" encoding="utf-8"?>
<Project ToolsVersion="4.0" xmlns="http://schemas.microsoft.com/developer/msbuild/2003">
  <ItemGroup>
    <Filter Include="src">
      <UniqueIdentifier>{557dd225-71eb-44d4-b1f1-5dd08102b5e8}</UniqueIdentifier>
    </Filter>
    <Filter Include="src\tool">
      <UniqueIdentifier>{a8989bac-3e80-4d81-8f49-082da8542fe2}</UniqueIdentifier>
    </Filter>
    <Filter Include="src\util">
      <UniqueIdentifier>{0bd1369f-bbdb-4461-ac22-55428237aeda}</UniqueIdentifier>
    </Filter>
  </ItemGroup>
  <ItemGroup>
    <ClCompile Include="src\main.cpp">
      <Filter>src</Filter>
    </ClCompile>
    <ClCompile Include="src\tool\Encryptor.cpp">
      <Filter>src\tool</Filter>
    </ClCompile>
    <ClCompile Include="src\tool\Decryptor.cpp">
      <Filter>src\tool</Filter>
    </ClCompile>
  </ItemGroup>
  <ItemGroup>
    <ClInclude Include="src\tool\Encryptor.h">
      <Filter>src\tool</Filter>
    </ClInclude>
    <ClInclude Include="src\tool\Decryptor.h">
      <Filter>src\tool</Filter>
    </ClInclude>
    <ClInclude Include="src\util\MorseCodeTable.h">
      <Filter>src\util</Filter>
    </ClInclude>
  </ItemGroup>
</Project>